
Microsoft Visual Studio Solution File, Format Version 12.00
# Visual Studio 15
VisualStudioVersion = 15.0.28307.705
MinimumVisualStudioVersion = 10.0.40219.1
Project("{FAE04EC0-301F-11D3-BF4B-00C04F79EFBC}") = "CrossMultiplyMatrix", "CrossMultiplyMatrix\CrossMultiplyMatrix.csproj", "{A64910AA-9C31-40CD-876F-0887D0E655CE}"
EndProject
Global
	GlobalSection(SolutionConfigurationPlatforms) = preSolution
		Debug|Any CPU = Debug|Any CPU
		Release|Any CPU = Release|Any CPU
	EndGlobalSection
	GlobalSection(ProjectConfigurationPlatforms) = postSolution
		{A64910AA-9C31-40CD-876F-0887D0E655CE}.Debug|Any CPU.ActiveCfg = Debug|Any CPU
		{A64910AA-9C31-40CD-876F-0887D0E655CE}.Debug|Any CPU.Build.0 = Debug|Any CPU
		{A64910AA-9C31-40CD-876F-0887D0E655CE}.Release|Any CPU.ActiveCfg = Release|Any CPU
		{A64910AA-9C31-40CD-876F-0887D0E655CE}.Release|Any CPU.Build.0 = Release|Any CPU
	EndGlobalSection
	GlobalSection(SolutionProperties) = preSolution
		HideSolutionNode = FALSE
	EndGlobalSection
	GlobalSection(ExtensibilityGlobals) = postSolution
		SolutionGuid = {67EAA003-7C35-4067-A441-7939753346C4}
	EndGlobalSection
EndGlobal
